
Microsoft Visual Studio Solution File, Format Version 12.00
# Visual Studio Version 17
VisualStudioVersion = 17.9.34723.18
MinimumVisualStudioVersion = 10.0.40219.1
Project("{2150E333-8FDC-42A3-9474-1A3956D46DE8}") = "docs", "docs", "{18E3F9B3-BDD5-423F-9DE2-661F3CF4AAD0}"
	ProjectSection(SolutionItems) = preProject
		notes.md = notes.md
	EndProjectSection
EndProject
Project("{2150E333-8FDC-42A3-9474-1A3956D46DE8}") = "src", "src", "{56C408A0-5AE8-43A8-94A4-3081F2F3D20F}"
EndProject
Project("{2150E333-8FDC-42A3-9474-1A3956D46DE8}") = "tests", "tests", "{0395F558-9986-48E3-8E7E-7E964BAFD404}"
EndProject
Project("{2150E333-8FDC-42A3-9474-1A3956D46DE8}") = "Core", "Core", "{780B19C6-65E9-484F-B4EB-83A9AA32BAF7}"
EndProject
Project("{2150E333-8FDC-42A3-9474-1A3956D46DE8}") = "Infrastructure", "Infrastructure", "{99FB65DC-FBB0-4723-9E5F-633526E63D5D}"
EndProject
Project("{2150E333-8FDC-42A3-9474-1A3956D46DE8}") = "Presentations", "Presentations", "{F2E8304E-2C89-49E9-9BCF-9D803BA65212}"
EndProject
Project("{2150E333-8FDC-42A3-9474-1A3956D46DE8}") = "Resources", "Resources", "{707FE7A7-A45D-4EA1-A27D-C86C2A0AD315}"
EndProject
Project("{FAE04EC0-301F-11D3-BF4B-00C04F79EFBC}") = "Aira.Application", "Aira.Application\Aira.Application.csproj", "{65760D31-F636-4BE9-882F-698D817F5A5F}"
EndProject
Project("{FAE04EC0-301F-11D3-BF4B-00C04F79EFBC}") = "Aira.Domain", "Aira.Domain\Aira.Domain.csproj", "{2E05127B-56CE-416E-8BF8-B090358DDA17}"
EndProject
Project("{FAE04EC0-301F-11D3-BF4B-00C04F79EFBC}") = "Aira.Infrastructure", "Aira.Infrastructure\Aira.Infrastructure.csproj", "{40DADEB0-F41A-43C0-A14B-BC4DE4F8C74E}"
EndProject
Project("{FAE04EC0-301F-11D3-BF4B-00C04F79EFBC}") = "Aira.Resources", "Aira.Resources\Aira.Resources.csproj", "{EB3718B6-F2A9-49A6-8B7E-0D39539B7DD2}"
EndProject
Project("{FAE04EC0-301F-11D3-BF4B-00C04F79EFBC}") = "Aira.Api", "Aira.Api\Aira.Api.csproj", "{54C4D1AC-FC27-4760-9E38-902DD0CB7FB7}"
EndProject
Project("{FAE04EC0-301F-11D3-BF4B-00C04F79EFBC}") = "Aira.Mvc", "Aira.Mvc\Aira.Mvc.csproj", "{ED4C230D-AE33-41C3-8C8E-041DD32D27E5}"
EndProject
Global
	GlobalSection(SolutionConfigurationPlatforms) = preSolution
		Debug|Any CPU = Debug|Any CPU
		Release|Any CPU = Release|Any CPU
	EndGlobalSection
	GlobalSection(ProjectConfigurationPlatforms) = postSolution
		{65760D31-F636-4BE9-882F-698D817F5A5F}.Debug|Any CPU.ActiveCfg = Debug|Any CPU
		{65760D31-F636-4BE9-882F-698D817F5A5F}.Debug|Any CPU.Build.0 = Debug|Any CPU
		{65760D31-F636-4BE9-882F-698D817F5A5F}.Release|Any CPU.ActiveCfg = Release|Any CPU
		{65760D31-F636-4BE9-882F-698D817F5A5F}.Release|Any CPU.Build.0 = Release|Any CPU
		{2E05127B-56CE-416E-8BF8-B090358DDA17}.Debug|Any CPU.ActiveCfg = Debug|Any CPU
		{2E05127B-56CE-416E-8BF8-B090358DDA17}.Debug|Any CPU.Build.0 = Debug|Any CPU
		{2E05127B-56CE-416E-8BF8-B090358DDA17}.Release|Any CPU.ActiveCfg = Release|Any CPU
		{2E05127B-56CE-416E-8BF8-B090358DDA17}.Release|Any CPU.Build.0 = Release|Any CPU
		{40DADEB0-F41A-43C0-A14B-BC4DE4F8C74E}.Debug|Any CPU.ActiveCfg = Debug|Any CPU
		{40DADEB0-F41A-43C0-A14B-BC4DE4F8C74E}.Debug|Any CPU.Build.0 = Debug|Any CPU
		{40DADEB0-F41A-43C0-A14B-BC4DE4F8C74E}.Release|Any CPU.ActiveCfg = Release|Any CPU
		{40DADEB0-F41A-43C0-A14B-BC4DE4F8C74E}.Release|Any CPU.Build.0 = Release|Any CPU
		{EB3718B6-F2A9-49A6-8B7E-0D39539B7DD2}.Debug|Any CPU.ActiveCfg = Debug|Any CPU
		{EB3718B6-F2A9-49A6-8B7E-0D39539B7DD2}.Debug|Any CPU.Build.0 = Debug|Any CPU
		{EB3718B6-F2A9-49A6-8B7E-0D39539B7DD2}.Release|Any CPU.ActiveCfg = Release|Any CPU
		{EB3718B6-F2A9-49A6-8B7E-0D39539B7DD2}.Release|Any CPU.Build.0 = Release|Any CPU
		{54C4D1AC-FC27-4760-9E38-902DD0CB7FB7}.Debug|Any CPU.ActiveCfg = Debug|Any CPU
		{54C4D1AC-FC27-4760-9E38-902DD0CB7FB7}.Debug|Any CPU.Build.0 = Debug|Any CPU
		{54C4D1AC-FC27-4760-9E38-902DD0CB7FB7}.Release|Any CPU.ActiveCfg = Release|Any CPU
		{54C4D1AC-FC27-4760-9E38-902DD0CB7FB7}.Release|Any CPU.Build.0 = Release|Any CPU
		{ED4C230D-AE33-41C3-8C8E-041DD32D27E5}.Debug|Any CPU.ActiveCfg = Debug|Any CPU
		{ED4C230D-AE33-41C3-8C8E-041DD32D27E5}.Debug|Any CPU.Build.0 = Debug|Any CPU
		{ED4C230D-AE33-41C3-8C8E-041DD32D27E5}.Release|Any CPU.ActiveCfg = Release|Any CPU
		{ED4C230D-AE33-41C3-8C8E-041DD32D27E5}.Release|Any CPU.Build.0 = Release|Any CPU
	EndGlobalSection
	GlobalSection(SolutionProperties) = preSolution
		HideSolutionNode = FALSE
	EndGlobalSection
	GlobalSection(NestedProjects) = preSolution
		{780B19C6-65E9-484F-B4EB-83A9AA32BAF7} = {56C408A0-5AE8-43A8-94A4-3081F2F3D20F}
		{99FB65DC-FBB0-4723-9E5F-633526E63D5D} = {56C408A0-5AE8-43A8-94A4-3081F2F3D20F}
		{F2E8304E-2C89-49E9-9BCF-9D803BA65212} = {56C408A0-5AE8-43A8-94A4-3081F2F3D20F}
		{707FE7A7-A45D-4EA1-A27D-C86C2A0AD315} = {56C408A0-5AE8-43A8-94A4-3081F2F3D20F}
		{65760D31-F636-4BE9-882F-698D817F5A5F} = {780B19C6-65E9-484F-B4EB-83A9AA32BAF7}
		{2E05127B-56CE-416E-8BF8-B090358DDA17} = {780B19C6-65E9-484F-B4EB-83A9AA32BAF7}
		{40DADEB0-F41A-43C0-A14B-BC4DE4F8C74E} = {99FB65DC-FBB0-4723-9E5F-633526E63D5D}
		{EB3718B6-F2A9-49A6-8B7E-0D39539B7DD2} = {707FE7A7-A45D-4EA1-A27D-C86C2A0AD315}
		{54C4D1AC-FC27-4760-9E38-902DD0CB7FB7} = {F2E8304E-2C89-49E9-9BCF-9D803BA65212}
		{ED4C230D-AE33-41C3-8C8E-041DD32D27E5} = {F2E8304E-2C89-49E9-9BCF-9D803BA65212}
	EndGlobalSection
	GlobalSection(ExtensibilityGlobals) = postSolution
		SolutionGuid = {6CC73362-ECF9-41E3-8814-32B51AB4D927}
	EndGlobalSection
EndGlobal
